{
  "name": "typescript-demo",
  "version": "1.0.0",
  "lockfileVersion": 3,
  "requires": true,
  "packages": {
    "": {
      "name": "typescript-demo",
      "version": "1.0.0",
      "license": "MIT",
      "dependencies": {
        "@arcgis/core": "^4.29.5"
      },
      "devDependencies": {
        "typescript": "^5.3.3"
      }
    },
    "node_modules/@arcgis/core": {
      "version": "4.29.5",
      "resolved": "https://registry.npmjs.org/@arcgis/core/-/core-4.29.5.tgz",
      "integrity": "sha512-ePOn8IfxM4RcpOLAl7MhVzi8n46uSy5yJCP49CvYS2mNWzhaVea0m7AzRKpmdaxjmBfabyXAo7nb1AUkT7AJDQ==",
      "dependencies": {
        "@esri/arcgis-html-sanitizer": "~3.0.1",
        "@esri/calcite-colors": "~6.1.0",
        "@esri/calcite-components": "^2.4.0",
        "@popperjs/core": "~2.11.8",
        "@vaadin/grid": "~24.3.6",
        "@zip.js/zip.js": "~2.7.34",
        "luxon": "~3.4.4",
        "sortablejs": "~1.15.2"
      }
    },
    "node_modules/@esri/arcgis-html-sanitizer": {
      "version": "3.0.1",
      "resolved": "https://registry.npmjs.org/@esri/arcgis-html-sanitizer/-/arcgis-html-sanitizer-3.0.1.tgz",
      "integrity": "sha512-cwZJwsYCJZwtBQU2AmaiIVFg5nZcVwInPYja1/OgC9iKYO+ytZRoc5h+0S9/ygbFNoS8Nd0RX9A85stLX/BgiA==",
      "dependencies": {
        "xss": "1.0.13"
      }
    },
    "node_modules/@esri/calcite-colors": {
      "version": "6.1.0",
      "resolved": "https://registry.npmjs.org/@esri/calcite-colors/-/calcite-colors-6.1.0.tgz",
      "integrity": "sha512-wHQYWFtDa6c328EraXEVZvgOiaQyYr0yuaaZ0G3cB4C3lSkWefW34L/e5TLAhtuG3zJ/wR6pl5X1YYNfBc0/4Q=="
    },
    "node_modules/@esri/calcite-components": {
      "version": "2.6.0",
      "resolved": "https://registry.npmjs.org/@esri/calcite-components/-/calcite-components-2.6.0.tgz",
      "integrity": "sha512-GbpascF/mI3TvC5EQejzMi8zDG/wv0pzGU5HzUsrzHqIkIwRruuIe7qdg/srjaEQkXwwpJKxfd8r5QaBXjlQWw==",
      "dependencies": {
        "@floating-ui/dom": "1.6.3",
        "@stencil/core": "4.9.0",
        "@types/color": "3.0.6",
        "color": "4.2.3",
        "composed-offset-position": "0.0.4",
        "dayjs": "1.11.10",
        "focus-trap": "7.5.4",
        "lodash-es": "4.17.21",
        "sortablejs": "1.15.1",
        "timezone-groups": "0.8.0"
      }
    },
    "node_modules/@esri/calcite-components/node_modules/sortablejs": {
      "version": "1.15.1",
      "resolved": "https://registry.npmjs.org/sortablejs/-/sortablejs-1.15.1.tgz",
      "integrity": "sha512-P5Cjvb0UG1ZVNiDPj/n4V+DinttXG6K8n7vM/HQf0C25K3YKQTQY6fsr/sEGsJGpQ9exmPxluHxKBc0mLKU1lQ=="
    },
    "node_modules/@floating-ui/core": {
      "version": "1.6.0",
      "resolved": "https://registry.npmjs.org/@floating-ui/core/-/core-1.6.0.tgz",
      "integrity": "sha512-PcF++MykgmTj3CIyOQbKA/hDzOAiqI3mhuoN44WRCopIs1sgoDoU4oty4Jtqaj/y3oDU6fnVSm4QG0a3t5i0+g==",
      "dependencies": {
        "@floating-ui/utils": "^0.2.1"
      }
    },
    "node_modules/@floating-ui/dom": {
      "version": "1.6.3",
      "resolved": "https://registry.npmjs.org/@floating-ui/dom/-/dom-1.6.3.tgz",
      "integrity": "sha512-RnDthu3mzPlQ31Ss/BTwQ1zjzIhr3lk1gZB1OC56h/1vEtaXkESrOqL5fQVMfXpwGtRwX+YsZBdyHtJMQnkArw==",
      "dependencies": {
        "@floating-ui/core": "^1.0.0",
        "@floating-ui/utils": "^0.2.0"
      }
    },
    "node_modules/@floating-ui/utils": {
      "version": "0.2.1",
      "resolved": "https://registry.npmjs.org/@floating-ui/utils/-/utils-0.2.1.tgz",
      "integrity": "sha512-9TANp6GPoMtYzQdt54kfAyMmz1+osLlXdg2ENroU7zzrtflTLrrC/lgrIfaSe+Wu0b89GKccT7vxXA0MoAIO+Q=="
    },
    "node_modules/@lit-labs/ssr-dom-shim": {
      "version": "1.2.0",
      "resolved": "https://registry.npmjs.org/@lit-labs/ssr-dom-shim/-/ssr-dom-shim-1.2.0.tgz",
      "integrity": "sha512-yWJKmpGE6lUURKAaIltoPIE/wrbY3TEkqQt+X0m+7fQNnAv0keydnYvbiJFP1PnMhizmIWRWOG5KLhYyc/xl+g=="
    },
    "node_modules/@lit/reactive-element": {
      "version": "2.0.4",
      "resolved": "https://registry.npmjs.org/@lit/reactive-element/-/reactive-element-2.0.4.tgz",
      "integrity": "sha512-GFn91inaUa2oHLak8awSIigYz0cU0Payr1rcFsrkf5OJ5eSPxElyZfKh0f2p9FsTiZWXQdWGJeXZICEfXXYSXQ==",
      "dependencies": {
        "@lit-labs/ssr-dom-shim": "^1.2.0"
      }
    },
    "node_modules/@open-wc/dedupe-mixin": {
      "version": "1.4.0",
      "resolved": "https://registry.npmjs.org/@open-wc/dedupe-mixin/-/dedupe-mixin-1.4.0.tgz",
      "integrity": "sha512-Sj7gKl1TLcDbF7B6KUhtvr+1UCxdhMbNY5KxdU5IfMFWqL8oy1ZeAcCANjoB1TL0AJTcPmcCFsCbHf8X2jGDUA=="
    },
    "node_modules/@polymer/polymer": {
      "version": "3.5.1",
      "resolved": "https://registry.npmjs.org/@polymer/polymer/-/polymer-3.5.1.tgz",
      "integrity": "sha512-JlAHuy+1qIC6hL1ojEUfIVD58fzTpJAoCxFwV5yr0mYTXV1H8bz5zy0+rC963Cgr9iNXQ4T9ncSjC2fkF9BQfw==",
      "dependencies": {
        "@webcomponents/shadycss": "^1.9.1"
      }
    },
    "node_modules/@popperjs/core": {
      "version": "2.11.8",
      "resolved": "https://registry.npmjs.org/@popperjs/core/-/core-2.11.8.tgz",
      "integrity": "sha512-P1st0aksCrn9sGZhp8GMYwBnQsbvAWsZAX44oXNNvLHGqAOcoVxmjZiohstwQ7SqKnbR47akdNi+uleWD8+g6A==",
      "funding": {
        "type": "opencollective",
        "url": "https://opencollective.com/popperjs"
      }
    },
    "node_modules/@stencil/core": {
      "version": "4.9.0",
      "resolved": "https://registry.npmjs.org/@stencil/core/-/core-4.9.0.tgz",
      "integrity": "sha512-aWSkhBmk3yPwRAkUwBbzRwmdhb8hKiQ/JMr9m5jthpBZLjtppYbzz6PN2MhSMDfRp6K93eQw5WogSEH4HHuB6w==",
      "bin": {
        "stencil": "bin/stencil"
      },
      "engines": {
        "node": ">=16.0.0",
        "npm": ">=7.10.0"
      }
    },
    "node_modules/@types/color": {
      "version": "3.0.6",
      "resolved": "https://registry.npmjs.org/@types/color/-/color-3.0.6.tgz",
      "integrity": "sha512-NMiNcZFRUAiUUCCf7zkAelY8eV3aKqfbzyFQlXpPIEeoNDbsEHGpb854V3gzTsGKYj830I5zPuOwU/TP5/cW6A==",
      "dependencies": {
        "@types/color-convert": "*"
      }
    },
    "node_modules/@types/color-convert": {
      "version": "2.0.3",
      "resolved": "https://registry.npmjs.org/@types/color-convert/-/color-convert-2.0.3.tgz",
      "integrity": "sha512-2Q6wzrNiuEvYxVQqhh7sXM2mhIhvZR/Paq4FdsQkOMgWsCIkKvSGj8Le1/XalulrmgOzPMqNa0ix+ePY4hTrfg==",
      "dependencies": {
        "@types/color-name": "*"
      }
    },
    "node_modules/@types/color-name": {
      "version": "1.1.3",
      "resolved": "https://registry.npmjs.org/@types/color-name/-/color-name-1.1.3.tgz",
      "integrity": "sha512-87W6MJCKZYDhLAx/J1ikW8niMvmGRyY+rpUxWpL1cO7F8Uu5CHuQoFv+R0/L5pgNdW4jTyda42kv60uwVIPjLw=="
    },
    "node_modules/@types/trusted-types": {
      "version": "2.0.7",
      "resolved": "https://registry.npmjs.org/@types/trusted-types/-/trusted-types-2.0.7.tgz",
      "integrity": "sha512-ScaPdn1dQczgbl0QFTeTOmVHFULt394XJgOQNoyVhZ6r2vLnMLJfBPd53SB52T/3G36VI1/g2MZaX0cwDuXsfw=="
    },
    "node_modules/@vaadin/a11y-base": {
      "version": "24.3.7",
      "resolved": "https://registry.npmjs.org/@vaadin/a11y-base/-/a11y-base-24.3.7.tgz",
      "integrity": "sha512-gcuCsSf+dH84HRJCQyZj3dqqyxVhKKYqGiMHAjNtQhRqojvNFH/YHk/ZLpBhiq/qI2VHfqeEbz2gJ2RMdIqFCA==",
      "dependencies": {
        "@open-wc/dedupe-mixin": "^1.3.0",
        "@polymer/polymer": "^3.0.0",
        "@vaadin/component-base": "~24.3.7",
        "lit": "^3.0.0"
      }
    },
    "node_modules/@vaadin/checkbox": {
      "version": "24.3.7",
      "resolved": "https://registry.npmjs.org/@vaadin/checkbox/-/checkbox-24.3.7.tgz",
      "integrity": "sha512-kVe5uoR4eRZAwNon+D2y0CYUHondFB799ajj7BGFuk2+rcbx1IQiv3PAq3TZ5YZ68rl++FcRMFbybuQBxBHJpw==",
      "dependencies": {
        "@open-wc/dedupe-mixin": "^1.3.0",
        "@polymer/polymer": "^3.0.0",
        "@vaadin/a11y-base": "~24.3.7",
        "@vaadin/component-base": "~24.3.7",
        "@vaadin/field-base": "~24.3.7",
        "@vaadin/vaadin-lumo-styles": "~24.3.7",
        "@vaadin/vaadin-material-styles": "~24.3.7",
        "@vaadin/vaadin-themable-mixin": "~24.3.7",
        "lit": "^3.0.0"
      }
    },
    "node_modules/@vaadin/component-base": {
      "version": "24.3.7",
      "resolved": "https://registry.npmjs.org/@vaadin/component-base/-/component-base-24.3.7.tgz",
      "integrity": "sha512-r5fvuR381Musi1JH9xMzvajw2l4vzefZlvGHMg0ywb72pDS8ZmtizDaIMioNYHWAoe4kBdJ1xdzlygPyqU63Og==",
      "dependencies": {
        "@open-wc/dedupe-mixin": "^1.3.0",
        "@polymer/polymer": "^3.0.0",
        "@vaadin/vaadin-development-mode-detector": "^2.0.0",
        "@vaadin/vaadin-usage-statistics": "^2.1.0",
        "lit": "^3.0.0"
      }
    },
    "node_modules/@vaadin/field-base": {
      "version": "24.3.7",
      "resolved": "https://registry.npmjs.org/@vaadin/field-base/-/field-base-24.3.7.tgz",
      "integrity": "sha512-t3I9yrFNIsYd8ysB6d/DOISy5BrbsQwXZjNECRJ9WnuordQPgyRBmUO1wPKjK0/2qvwwiyON+8IavQXoOPLXUg==",
      "dependencies": {
        "@open-wc/dedupe-mixin": "^1.3.0",
        "@polymer/polymer": "^3.0.0",
        "@vaadin/a11y-base": "~24.3.7",
        "@vaadin/component-base": "~24.3.7",
        "lit": "^3.0.0"
      }
    },
    "node_modules/@vaadin/grid": {
      "version": "24.3.7",
      "resolved": "https://registry.npmjs.org/@vaadin/grid/-/grid-24.3.7.tgz",
      "integrity": "sha512-CAHi0N4t2ua7X5NLlvC3Yqfl6Q7CrTaYRPkHW7Hv4YJ+Z3erDJeUKOFE48Q4TZryEUMzZ0CNB3xL3UK/PvJiAQ==",
      "dependencies": {
        "@open-wc/dedupe-mixin": "^1.3.0",
        "@polymer/polymer": "^3.0.0",
        "@vaadin/a11y-base": "~24.3.7",
        "@vaadin/checkbox": "~24.3.7",
        "@vaadin/component-base": "~24.3.7",
        "@vaadin/lit-renderer": "~24.3.7",
        "@vaadin/text-field": "~24.3.7",
        "@vaadin/vaadin-lumo-styles": "~24.3.7",
        "@vaadin/vaadin-material-styles": "~24.3.7",
        "@vaadin/vaadin-themable-mixin": "~24.3.7"
      }
    },
    "node_modules/@vaadin/icon": {
      "version": "24.3.7",
      "resolved": "https://registry.npmjs.org/@vaadin/icon/-/icon-24.3.7.tgz",
      "integrity": "sha512-qsOww+kuyZFsG+4JOlQmnsmljsGrgedZEvafPPwFEO6RG7XWUSwrJtY7u6FWBHHKAjVLaSEs4B4UrdWYRKaq+A==",
      "dependencies": {
        "@open-wc/dedupe-mixin": "^1.3.0",
        "@polymer/polymer": "^3.0.0",
        "@vaadin/component-base": "~24.3.7",
        "@vaadin/vaadin-lumo-styles": "~24.3.7",
        "@vaadin/vaadin-themable-mixin": "~24.3.7",
        "lit": "^3.0.0"
      }
    },
    "node_modules/@vaadin/input-container": {
      "version": "24.3.7",
      "resolved": "https://registry.npmjs.org/@vaadin/input-container/-/input-container-24.3.7.tgz",
      "integrity": "sha512-fTKxWEvDmiBUAA2IviVPFXc1UMeb+r0JkMHVNe5E8HBXKbjf6j7Vo+cpWkZ3wfWLcduwXRR6m+KL8PSnafF0Hg==",
      "dependencies": {
        "@polymer/polymer": "^3.0.0",
        "@vaadin/component-base": "~24.3.7",
        "@vaadin/vaadin-lumo-styles": "~24.3.7",
        "@vaadin/vaadin-material-styles": "~24.3.7",
        "@vaadin/vaadin-themable-mixin": "~24.3.7",
        "lit": "^3.0.0"
      }
    },
    "node_modules/@vaadin/lit-renderer": {
      "version": "24.3.7",
      "resolved": "https://registry.npmjs.org/@vaadin/lit-renderer/-/lit-renderer-24.3.7.tgz",
      "integrity": "sha512-jlj3xd0CJWtbIsZCSon4BPxkOSTRkQgGY3cGspPk2v0eyHjm9+qtqPhMq7n2vu21V5ZLpaBG51/5jObHVq9rJQ==",
      "dependencies": {
        "lit": "^3.0.0"
      }
    },
    "node_modules/@vaadin/text-field": {
      "version": "24.3.7",
      "resolved": "https://registry.npmjs.org/@vaadin/text-field/-/text-field-24.3.7.tgz",
      "integrity": "sha512-N/jVZLJwzxhUrclvM1nxdUwRRooWP0yZCgK9Ndj//xI+NS6zk1AsZkGwiBBBUXShCn4Xbptcuhlk/y3G/QEPqA==",
      "dependencies": {
        "@open-wc/dedupe-mixin": "^1.3.0",
        "@polymer/polymer": "^3.0.0",
        "@vaadin/a11y-base": "~24.3.7",
        "@vaadin/component-base": "~24.3.7",
        "@vaadin/field-base": "~24.3.7",
        "@vaadin/input-container": "~24.3.7",
        "@vaadin/vaadin-lumo-styles": "~24.3.7",
        "@vaadin/vaadin-material-styles": "~24.3.7",
        "@vaadin/vaadin-themable-mixin": "~24.3.7",
        "lit": "^3.0.0"
      }
    },
    "node_modules/@vaadin/vaadin-development-mode-detector": {
      "version": "2.0.6",
      "resolved": "https://registry.npmjs.org/@vaadin/vaadin-development-mode-detector/-/vaadin-development-mode-detector-2.0.6.tgz",
      "integrity": "sha512-N6a5nLT/ytEUlpPo+nvdCKIGoyNjPsj3rzPGvGYK8x9Ceg76OTe1xI/GtN71mRW9e2HUScR0kCNOkl1Z63YDjw=="
    },
    "node_modules/@vaadin/vaadin-lumo-styles": {
      "version": "24.3.7",
      "resolved": "https://registry.npmjs.org/@vaadin/vaadin-lumo-styles/-/vaadin-lumo-styles-24.3.7.tgz",
      "integrity": "sha512-JyB41TsQxb0/9oUanc6X4d6SlCfQptkm0k88jWoPJ4l7OvCvlNWg1h780xpO/AbMKZIfo19QlWvls8DAvxGduQ==",
      "dependencies": {
        "@polymer/polymer": "^3.0.0",
        "@vaadin/component-base": "~24.3.7",
        "@vaadin/icon": "~24.3.7",
        "@vaadin/vaadin-themable-mixin": "~24.3.7"
      }
    },
    "node_modules/@vaadin/vaadin-material-styles": {
      "version": "24.3.7",
      "resolved": "https://registry.npmjs.org/@vaadin/vaadin-material-styles/-/vaadin-material-styles-24.3.7.tgz",
      "integrity": "sha512-qmjbL8/PBmCkQ0MF95ajj65JLPHoa7kAi42XAIh8m/YFK8hjRMcVb/RdpWi2ZVHaiz1dUHbrrwq8vGMBVD752w==",
      "dependencies": {
        "@polymer/polymer": "^3.0.0",
        "@vaadin/component-base": "~24.3.7",
        "@vaadin/vaadin-themable-mixin": "~24.3.7"
      }
    },
    "node_modules/@vaadin/vaadin-themable-mixin": {
      "version": "24.3.7",
      "resolved": "https://registry.npmjs.org/@vaadin/vaadin-themable-mixin/-/vaadin-themable-mixin-24.3.7.tgz",
      "integrity": "sha512-XPncXpmpimWXZcvWByQDUjM4M5laLO3NF38qhb+C3b3xb7xCwGoUw90eU7RilYRm4WPWNMn5YiA8gfz2s1ig+w==",
      "dependencies": {
        "@open-wc/dedupe-mixin": "^1.3.0",
        "lit": "^3.0.0"
      }
    },
    "node_modules/@vaadin/vaadin-usage-statistics": {
      "version": "2.1.2",
      "resolved": "https://registry.npmjs.org/@vaadin/vaadin-usage-statistics/-/vaadin-usage-statistics-2.1.2.tgz",
      "integrity": "sha512-xKs1PvRfTXsG0eWWcImLXWjv7D+f1vfoIvovppv6pZ5QX8xgcxWUdNgERlOOdGt3CTuxQXukTBW3+Qfva+OXSg==",
      "hasInstallScript": true,
      "dependencies": {
        "@vaadin/vaadin-development-mode-detector": "^2.0.0"
      },
      "engines": {
        "node": "^12.20.0 || ^14.13.1 || >=16.0.0"
      }
    },
    "node_modules/@webcomponents/shadycss": {
      "version": "1.11.2",
      "resolved": "https://registry.npmjs.org/@webcomponents/shadycss/-/shadycss-1.11.2.tgz",
      "integrity": "sha512-vRq+GniJAYSBmTRnhCYPAPq6THYqovJ/gzGThWbgEZUQaBccndGTi1hdiUP15HzEco0I6t4RCtXyX0rsSmwgPw=="
    },
    "node_modules/@zip.js/zip.js": {
      "version": "2.7.37",
      "resolved": "https://registry.npmjs.org/@zip.js/zip.js/-/zip.js-2.7.37.tgz",
      "integrity": "sha512-E1Q8X0D+5mgHE/bfThb9zCslhhKvMOIpBV1/8Yo1LTforZbNk3U4cVDOfRAU6h+hgo45MxyICpRvovAazsGFyQ==",
      "engines": {
        "bun": ">=0.7.0",
        "deno": ">=1.0.0",
        "node": ">=16.5.0"
      }
    },
    "node_modules/color": {
      "version": "4.2.3",
      "resolved": "https://registry.npmjs.org/color/-/color-4.2.3.tgz",
      "integrity": "sha512-1rXeuUUiGGrykh+CeBdu5Ie7OJwinCgQY0bc7GCRxy5xVHy+moaqkpL/jqQq0MtQOeYcrqEz4abc5f0KtU7W4A==",
      "dependencies": {
        "color-convert": "^2.0.1",
        "color-string": "^1.9.0"
      },
      "engines": {
        "node": ">=12.5.0"
      }
    },
    "node_modules/color-convert": {
      "version": "2.0.1",
      "resolved": "https://registry.npmjs.org/color-convert/-/color-convert-2.0.1.tgz",
      "integrity": "sha512-RRECPsj7iu/xb5oKYcsFHSppFNnsj/52OVTRKb4zP5onXwVF3zVmmToNcOfGC+CRDpfK/U584fMg38ZHCaElKQ==",
      "dependencies": {
        "color-name": "~1.1.4"
      },
      "engines": {
        "node": ">=7.0.0"
      }
    },
    "node_modules/color-name": {
      "version": "1.1.4",
      "resolved": "https://registry.npmjs.org/color-name/-/color-name-1.1.4.tgz",
      "integrity": "sha512-dOy+3AuW3a2wNbZHIuMZpTcgjGuLU/uBL/ubcZF9OXbDo8ff4O8yVp5Bf0efS8uEoYo5q4Fx7dY9OgQGXgAsQA=="
    },
    "node_modules/color-string": {
      "version": "1.9.1",
      "resolved": "https://registry.npmjs.org/color-string/-/color-string-1.9.1.tgz",
      "integrity": "sha512-shrVawQFojnZv6xM40anx4CkoDP+fZsw/ZerEMsW/pyzsRbElpsL/DBVW7q3ExxwusdNXI3lXpuhEZkzs8p5Eg==",
      "dependencies": {
        "color-name": "^1.0.0",
        "simple-swizzle": "^0.2.2"
      }
    },
    "node_modules/commander": {
      "version": "2.20.3",
      "resolved": "https://registry.npmjs.org/commander/-/commander-2.20.3.tgz",
      "integrity": "sha512-GpVkmM8vF2vQUkj2LvZmD35JxeJOLCwJ9cUkugyk2nuhbv3+mJvpLYYt+0+USMxE+oj+ey/lJEnhZw75x/OMcQ=="
    },
    "node_modules/composed-offset-position": {
      "version": "0.0.4",
      "resolved": "https://registry.npmjs.org/composed-offset-position/-/composed-offset-position-0.0.4.tgz",
      "integrity": "sha512-vMlvu1RuNegVE0YsCDSV/X4X10j56mq7PCIyOKK74FxkXzGLwhOUmdkJLSdOBOMwWycobGUMgft2lp+YgTe8hw=="
    },
    "node_modules/cssfilter": {
      "version": "0.0.10",
      "resolved": "https://registry.npmjs.org/cssfilter/-/cssfilter-0.0.10.tgz",
      "integrity": "sha512-FAaLDaplstoRsDR8XGYH51znUN0UY7nMc6Z9/fvE8EXGwvJE9hu7W2vHwx1+bd6gCYnln9nLbzxFTrcO9YQDZw=="
    },
    "node_modules/dayjs": {
      "version": "1.11.10",
      "resolved": "https://registry.npmjs.org/dayjs/-/dayjs-1.11.10.tgz",
      "integrity": "sha512-vjAczensTgRcqDERK0SR2XMwsF/tSvnvlv6VcF2GIhg6Sx4yOIt/irsr1RDJsKiIyBzJDpCoXiWWq28MqH2cnQ=="
    },
    "node_modules/focus-trap": {
      "version": "7.5.4",
      "resolved": "https://registry.npmjs.org/focus-trap/-/focus-trap-7.5.4.tgz",
      "integrity": "sha512-N7kHdlgsO/v+iD/dMoJKtsSqs5Dz/dXZVebRgJw23LDk+jMi/974zyiOYDziY2JPp8xivq9BmUGwIJMiuSBi7w==",
      "dependencies": {
        "tabbable": "^6.2.0"
      }
    },
    "node_modules/is-arrayish": {
      "version": "0.3.2",
      "resolved": "https://registry.npmjs.org/is-arrayish/-/is-arrayish-0.3.2.tgz",
      "integrity": "sha512-eVRqCvVlZbuw3GrM63ovNSNAeA1K16kaR/LRY/92w0zxQ5/1YzwblUX652i4Xs9RwAGjW9d9y6X88t8OaAJfWQ=="
    },
    "node_modules/lit": {
      "version": "3.1.2",
      "resolved": "https://registry.npmjs.org/lit/-/lit-3.1.2.tgz",
      "integrity": "sha512-VZx5iAyMtX7CV4K8iTLdCkMaYZ7ipjJZ0JcSdJ0zIdGxxyurjIn7yuuSxNBD7QmjvcNJwr0JS4cAdAtsy7gZ6w==",
      "dependencies": {
        "@lit/reactive-element": "^2.0.4",
        "lit-element": "^4.0.4",
        "lit-html": "^3.1.2"
      }
    },
    "node_modules/lit-element": {
      "version": "4.0.4",
      "resolved": "https://registry.npmjs.org/lit-element/-/lit-element-4.0.4.tgz",
      "integrity": "sha512-98CvgulX6eCPs6TyAIQoJZBCQPo80rgXR+dVBs61cstJXqtI+USQZAbA4gFHh6L/mxBx9MrgPLHLsUgDUHAcCQ==",
      "dependencies": {
        "@lit-labs/ssr-dom-shim": "^1.2.0",
        "@lit/reactive-element": "^2.0.4",
        "lit-html": "^3.1.2"
      }
    },
    "node_modules/lit-html": {
      "version": "3.1.2",
      "resolved": "https://registry.npmjs.org/lit-html/-/lit-html-3.1.2.tgz",
      "integrity": "sha512-3OBZSUrPnAHoKJ9AMjRL/m01YJxQMf+TMHanNtTHG68ubjnZxK0RFl102DPzsw4mWnHibfZIBJm3LWCZ/LmMvg==",
      "dependencies": {
        "@types/trusted-types": "^2.0.2"
      }
    },
    "node_modules/lodash-es": {
      "version": "4.17.21",
      "resolved": "https://registry.npmjs.org/lodash-es/-/lodash-es-4.17.21.tgz",
      "integrity": "sha512-mKnC+QJ9pWVzv+C4/U3rRsHapFfHvQFoFB92e52xeyGMcX6/OlIl78je1u8vePzYZSkkogMPJ2yjxxsb89cxyw=="
    },
    "node_modules/luxon": {
      "version": "3.4.4",
      "resolved": "https://registry.npmjs.org/luxon/-/luxon-3.4.4.tgz",
      "integrity": "sha512-zobTr7akeGHnv7eBOXcRgMeCP6+uyYsczwmeRCauvpvaAltgNyTbLH/+VaEAPUeWBT+1GuNmz4wC/6jtQzbbVA==",
      "engines": {
        "node": ">=12"
      }
    },
    "node_modules/simple-swizzle": {
      "version": "0.2.2",
      "resolved": "https://registry.npmjs.org/simple-swizzle/-/simple-swizzle-0.2.2.tgz",
      "integrity": "sha512-JA//kQgZtbuY83m+xT+tXJkmJncGMTFT+C+g2h2R9uxkYIrE2yy9sgmcLhCnw57/WSD+Eh3J97FPEDFnbXnDUg==",
      "dependencies": {
        "is-arrayish": "^0.3.1"
      }
    },
    "node_modules/sortablejs": {
      "version": "1.15.2",
      "resolved": "https://registry.npmjs.org/sortablejs/-/sortablejs-1.15.2.tgz",
      "integrity": "sha512-FJF5jgdfvoKn1MAKSdGs33bIqLi3LmsgVTliuX6iITj834F+JRQZN90Z93yql8h0K2t0RwDPBmxwlbZfDcxNZA=="
    },
    "node_modules/tabbable": {
      "version": "6.2.0",
      "resolved": "https://registry.npmjs.org/tabbable/-/tabbable-6.2.0.tgz",
      "integrity": "sha512-Cat63mxsVJlzYvN51JmVXIgNoUokrIaT2zLclCXjRd8boZ0004U4KCs/sToJ75C6sdlByWxpYnb5Boif1VSFew=="
    },
    "node_modules/timezone-groups": {
      "version": "0.8.0",
      "resolved": "https://registry.npmjs.org/timezone-groups/-/timezone-groups-0.8.0.tgz",
      "integrity": "sha512-t7E/9sPfCU0m0ZbS7Cqw52D6CB/UyeaiIBmyJCokI1SyOyOgA/ESiQ/fbreeFaUG9QSenGlZSSk/7rEbkipbOA==",
      "bin": {
        "timezone-groups": "dist/cli.cjs"
      }
    },
    "node_modules/typescript": {
      "version": "5.3.3",
      "resolved": "https://registry.npmjs.org/typescript/-/typescript-5.3.3.tgz",
      "integrity": "sha512-pXWcraxM0uxAS+tN0AG/BF2TyqmHO014Z070UsJ+pFvYuRSq8KH8DmWpnbXe0pEPDHXZV3FcAbJkijJ5oNEnWw==",
      "dev": true,
      "bin": {
        "tsc": "bin/tsc",
        "tsserver": "bin/tsserver"
      },
      "engines": {
        "node": ">=14.17"
      }
    },
    "node_modules/xss": {
      "version": "1.0.13",
      "resolved": "https://registry.npmjs.org/xss/-/xss-1.0.13.tgz",
      "integrity": "sha512-clu7dxTm1e8Mo5fz3n/oW3UCXBfV89xZ72jM8yzo1vR/pIS0w3sgB3XV2H8Vm6zfGnHL0FzvLJPJEBhd86/z4Q==",
      "dependencies": {
        "commander": "^2.20.3",
        "cssfilter": "0.0.10"
      },
      "bin": {
        "xss": "bin/xss"
      },
      "engines": {
        "node": ">= 0.10.0"
      }
    }
  }
}
